
Microsoft Visual Studio Solution File, Format Version 12.00
# Visual Studio Version 17
VisualStudioVersion = 17.6.33829.357
MinimumVisualStudioVersion = 10.0.40219.1
Project("{9A19103F-16F7-4668-BE54-9A1E7A4F7556}") = "SerilogDemo", "SerilogDemo\SerilogDemo\SerilogDemo.csproj", "{568B8481-0DF0-4832-8667-3E2A5A228BF7}"
EndProject
Project("{9A19103F-16F7-4668-BE54-9A1E7A4F7556}") = "XUnitTestProject", "XUnitTestProject\XUnitTestProject.csproj", "{0DA8E238-2F7B-429E-8417-17BF137ACE6F}"
EndProject
Project("{2150E333-8FDC-42A3-9474-1A3956D46DE8}") = "actions-runner", "actions-runner", "{3CD849D0-82BA-4A13-B922-DB4DE9A2B7AC}"
EndProject
Project("{FAE04EC0-301F-11D3-BF4B-00C04F79EFBC}") = "NUnitTestProject", "NUnitTestProject\NUnitTestProject.csproj", "{F35EFDF0-E555-4AD8-A806-E6DA8F032EA2}"
EndProject
Global
	GlobalSection(SolutionConfigurationPlatforms) = preSolution
		Debug|Any CPU = Debug|Any CPU
		Release|Any CPU = Release|Any CPU
	EndGlobalSection
	GlobalSection(ProjectConfigurationPlatforms) = postSolution
		{568B8481-0DF0-4832-8667-3E2A5A228BF7}.Debug|Any CPU.ActiveCfg = Debug|Any CPU
		{568B8481-0DF0-4832-8667-3E2A5A228BF7}.Debug|Any CPU.Build.0 = Debug|Any CPU
		{568B8481-0DF0-4832-8667-3E2A5A228BF7}.Release|Any CPU.ActiveCfg = Release|Any CPU
		{568B8481-0DF0-4832-8667-3E2A5A228BF7}.Release|Any CPU.Build.0 = Release|Any CPU
		{0DA8E238-2F7B-429E-8417-17BF137ACE6F}.Debug|Any CPU.ActiveCfg = Debug|Any CPU
		{0DA8E238-2F7B-429E-8417-17BF137ACE6F}.Debug|Any CPU.Build.0 = Debug|Any CPU
		{0DA8E238-2F7B-429E-8417-17BF137ACE6F}.Release|Any CPU.ActiveCfg = Release|Any CPU
		{0DA8E238-2F7B-429E-8417-17BF137ACE6F}.Release|Any CPU.Build.0 = Release|Any CPU
		{F35EFDF0-E555-4AD8-A806-E6DA8F032EA2}.Debug|Any CPU.ActiveCfg = Debug|Any CPU
		{F35EFDF0-E555-4AD8-A806-E6DA8F032EA2}.Debug|Any CPU.Build.0 = Debug|Any CPU
		{F35EFDF0-E555-4AD8-A806-E6DA8F032EA2}.Release|Any CPU.ActiveCfg = Release|Any CPU
		{F35EFDF0-E555-4AD8-A806-E6DA8F032EA2}.Release|Any CPU.Build.0 = Release|Any CPU
	EndGlobalSection
	GlobalSection(SolutionProperties) = preSolution
		HideSolutionNode = FALSE
	EndGlobalSection
	GlobalSection(ExtensibilityGlobals) = postSolution
		SolutionGuid = {86C14516-0AA6-4EDB-9BB0-C5383D16F039}
	EndGlobalSection
EndGlobal
