
Microsoft Visual Studio Solution File, Format Version 12.00
# Visual Studio Version 17
VisualStudioVersion = 17.6.33829.357
MinimumVisualStudioVersion = 10.0.40219.1
Project("{9A19103F-16F7-4668-BE54-9A1E7A4F7556}") = "Serilog", "Serilog.csproj", "{AAF65C05-FAED-4B68-A5B3-7C9C70778978}"
EndProject
Project("{FAE04EC0-301F-11D3-BF4B-00C04F79EFBC}") = "TestProject1", "..\TestProject1\TestProject1.csproj", "{7BB76D34-B483-4C23-AB65-35C5457099D3}"
EndProject
Global
	GlobalSection(SolutionConfigurationPlatforms) = preSolution
		Debug|Any CPU = Debug|Any CPU
		Release|Any CPU = Release|Any CPU
	EndGlobalSection
	GlobalSection(ProjectConfigurationPlatforms) = postSolution
		{AAF65C05-FAED-4B68-A5B3-7C9C70778978}.Debug|Any CPU.ActiveCfg = Debug|Any CPU
		{AAF65C05-FAED-4B68-A5B3-7C9C70778978}.Debug|Any CPU.Build.0 = Debug|Any CPU
		{AAF65C05-FAED-4B68-A5B3-7C9C70778978}.Release|Any CPU.ActiveCfg = Release|Any CPU
		{AAF65C05-FAED-4B68-A5B3-7C9C70778978}.Release|Any CPU.Build.0 = Release|Any CPU
		{7BB76D34-B483-4C23-AB65-35C5457099D3}.Debug|Any CPU.ActiveCfg = Debug|Any CPU
		{7BB76D34-B483-4C23-AB65-35C5457099D3}.Debug|Any CPU.Build.0 = Debug|Any CPU
		{7BB76D34-B483-4C23-AB65-35C5457099D3}.Release|Any CPU.ActiveCfg = Release|Any CPU
		{7BB76D34-B483-4C23-AB65-35C5457099D3}.Release|Any CPU.Build.0 = Release|Any CPU
	EndGlobalSection
	GlobalSection(SolutionProperties) = preSolution
		HideSolutionNode = FALSE
	EndGlobalSection
	GlobalSection(ExtensibilityGlobals) = postSolution
		SolutionGuid = {86C14516-0AA6-4EDB-9BB0-C5383D16F039}
	EndGlobalSection
EndGlobal
